{
	"name": "wheelzoom",
	"version": "3.1.2",
	"lockfileVersion": 1,
	"requires": true,
	"dependencies": {
		"com-intel-security-cordova-plugin": {
			"version": "2.0.3",
			"resolved": "https://registry.npmjs.org/com-intel-security-cordova-plugin/-/com-intel-security-cordova-plugin-2.0.3.tgz",
			"integrity": "sha1-H+ZYZu/p8GgzHozHbMwlcG7CiiQ="
		}
	}
}
